
Microsoft Visual Studio Solution File, Format Version 12.00
# Visual Studio Version 17
VisualStudioVersion = 17.13.35828.75 d17.13
MinimumVisualStudioVersion = 10.0.40219.1
Project("{FAE04EC0-301F-11D3-BF4B-00C04F79EFBC}") = "lab3t1", "lab3t1\lab3t1.csproj", "{A14BFA0C-EA8A-4105-9541-5C56D4451B38}"
EndProject
Project("{FAE04EC0-301F-11D3-BF4B-00C04F79EFBC}") = "lab3t2", "lab3t2\lab3t2.csproj", "{586C74FE-E3E3-4AAD-BC9F-D20692689C28}"
EndProject
Project("{FAE04EC0-301F-11D3-BF4B-00C04F79EFBC}") = "lab3t3", "lab3t3\lab3t3.csproj", "{2D01D5A9-6C40-4388-9A8B-4C33D8D1DC12}"
EndProject
Project("{FAE04EC0-301F-11D3-BF4B-00C04F79EFBC}") = "lab3t4", "lab3t4\lab3t4.csproj", "{CB81DE40-ADEE-4CDD-8C0A-023B1C849AFA}"
EndProject
Project("{FAE04EC0-301F-11D3-BF4B-00C04F79EFBC}") = "lab3t5", "lab3t5\lab3t5.csproj", "{7FCB4C55-73E8-4D93-89D8-5A875D4B67F0}"
EndProject
Project("{FAE04EC0-301F-11D3-BF4B-00C04F79EFBC}") = "lab3t6", "lab3t6\lab3t6.csproj", "{E824D08C-0C97-462E-BFBD-BD406B7E2B55}"
EndProject
Project("{FAE04EC0-301F-11D3-BF4B-00C04F79EFBC}") = "lab3t7", "lab3t7\lab3t7.csproj", "{4A8261FC-2554-4E6E-A358-2B4FB2A7F397}"
EndProject
Project("{FAE04EC0-301F-11D3-BF4B-00C04F79EFBC}") = "lab3t8", "lab3t8\lab3t8.csproj", "{C760AFFE-DC68-44E0-9C16-FEDD03F24F22}"
EndProject
Project("{FAE04EC0-301F-11D3-BF4B-00C04F79EFBC}") = "lab3t9", "lab3t9\lab3t9.csproj", "{973A0B64-C0DE-4CEC-A46D-62F74163B5E3}"
EndProject
Project("{FAE04EC0-301F-11D3-BF4B-00C04F79EFBC}") = "lab3t10", "lab3t10\lab3t10.csproj", "{07BFCB31-D26D-4152-A183-6064A2D1A59D}"
EndProject
Project("{FAE04EC0-301F-11D3-BF4B-00C04F79EFBC}") = "lab3t11", "lab3t11\lab3t11.csproj", "{41493B8B-0EAC-4ACC-9B3A-6BB088137850}"
EndProject
Project("{FAE04EC0-301F-11D3-BF4B-00C04F79EFBC}") = "lab3t12", "lab3t12\lab3t12.csproj", "{4D0CD021-B843-41A3-A5A8-B92DCBB8EA45}"
EndProject
Project("{FAE04EC0-301F-11D3-BF4B-00C04F79EFBC}") = "lab3t13", "lab3t13\lab3t13.csproj", "{69D2BDAD-AA0E-40C0-8DA2-B3C92192C498}"
EndProject
Project("{FAE04EC0-301F-11D3-BF4B-00C04F79EFBC}") = "lab3t14", "lab3t14\lab3t14.csproj", "{4BE08F68-91FB-4D89-82A4-74FF5CA3898B}"
EndProject
Project("{FAE04EC0-301F-11D3-BF4B-00C04F79EFBC}") = "lab3t15", "lab3t15\lab3t15.csproj", "{CCAADF2B-3F56-48EB-A1EC-60FAD6596698}"
EndProject
Project("{FAE04EC0-301F-11D3-BF4B-00C04F79EFBC}") = "lab3t16", "lab3t16\lab3t16.csproj", "{C1258D6C-999D-440A-975A-3C614126EEB8}"
EndProject
Project("{FAE04EC0-301F-11D3-BF4B-00C04F79EFBC}") = "lab3t17", "lab3t17\lab3t17.csproj", "{942CCC5D-F6CC-4B01-94B7-B37CDEA9075F}"
EndProject
Project("{FAE04EC0-301F-11D3-BF4B-00C04F79EFBC}") = "lab3t18", "lab3t18\lab3t18.csproj", "{9214EB59-B329-4BDF-877B-0C6287B1BDD4}"
EndProject
Project("{FAE04EC0-301F-11D3-BF4B-00C04F79EFBC}") = "lab3t19", "lab3t19\lab3t19.csproj", "{7A67C9DB-D262-4598-9916-5170699EC5A0}"
EndProject
Project("{FAE04EC0-301F-11D3-BF4B-00C04F79EFBC}") = "lab3t20", "lab3t20\lab3t20.csproj", "{A0D8CD1C-8F80-444E-A89F-7D0FA82AA456}"
EndProject
Project("{FAE04EC0-301F-11D3-BF4B-00C04F79EFBC}") = "lab3t21", "lab3t21\lab3t21.csproj", "{1DDEF7BC-1105-429C-8497-4485C87BA5E9}"
EndProject
Global
	GlobalSection(SolutionConfigurationPlatforms) = preSolution
		Debug|Any CPU = Debug|Any CPU
		Release|Any CPU = Release|Any CPU
	EndGlobalSection
	GlobalSection(ProjectConfigurationPlatforms) = postSolution
		{A14BFA0C-EA8A-4105-9541-5C56D4451B38}.Debug|Any CPU.ActiveCfg = Debug|Any CPU
		{A14BFA0C-EA8A-4105-9541-5C56D4451B38}.Debug|Any CPU.Build.0 = Debug|Any CPU
		{A14BFA0C-EA8A-4105-9541-5C56D4451B38}.Release|Any CPU.ActiveCfg = Release|Any CPU
		{A14BFA0C-EA8A-4105-9541-5C56D4451B38}.Release|Any CPU.Build.0 = Release|Any CPU
		{586C74FE-E3E3-4AAD-BC9F-D20692689C28}.Debug|Any CPU.ActiveCfg = Debug|Any CPU
		{586C74FE-E3E3-4AAD-BC9F-D20692689C28}.Debug|Any CPU.Build.0 = Debug|Any CPU
		{586C74FE-E3E3-4AAD-BC9F-D20692689C28}.Release|Any CPU.ActiveCfg = Release|Any CPU
		{586C74FE-E3E3-4AAD-BC9F-D20692689C28}.Release|Any CPU.Build.0 = Release|Any CPU
		{2D01D5A9-6C40-4388-9A8B-4C33D8D1DC12}.Debug|Any CPU.ActiveCfg = Debug|Any CPU
		{2D01D5A9-6C40-4388-9A8B-4C33D8D1DC12}.Debug|Any CPU.Build.0 = Debug|Any CPU
		{2D01D5A9-6C40-4388-9A8B-4C33D8D1DC12}.Release|Any CPU.ActiveCfg = Release|Any CPU
		{2D01D5A9-6C40-4388-9A8B-4C33D8D1DC12}.Release|Any CPU.Build.0 = Release|Any CPU
		{CB81DE40-ADEE-4CDD-8C0A-023B1C849AFA}.Debug|Any CPU.ActiveCfg = Debug|Any CPU
		{CB81DE40-ADEE-4CDD-8C0A-023B1C849AFA}.Debug|Any CPU.Build.0 = Debug|Any CPU
		{CB81DE40-ADEE-4CDD-8C0A-023B1C849AFA}.Release|Any CPU.ActiveCfg = Release|Any CPU
		{CB81DE40-ADEE-4CDD-8C0A-023B1C849AFA}.Release|Any CPU.Build.0 = Release|Any CPU
		{7FCB4C55-73E8-4D93-89D8-5A875D4B67F0}.Debug|Any CPU.ActiveCfg = Debug|Any CPU
		{7FCB4C55-73E8-4D93-89D8-5A875D4B67F0}.Debug|Any CPU.Build.0 = Debug|Any CPU
		{7FCB4C55-73E8-4D93-89D8-5A875D4B67F0}.Release|Any CPU.ActiveCfg = Release|Any CPU
		{7FCB4C55-73E8-4D93-89D8-5A875D4B67F0}.Release|Any CPU.Build.0 = Release|Any CPU
		{E824D08C-0C97-462E-BFBD-BD406B7E2B55}.Debug|Any CPU.ActiveCfg = Debug|Any CPU
		{E824D08C-0C97-462E-BFBD-BD406B7E2B55}.Debug|Any CPU.Build.0 = Debug|Any CPU
		{E824D08C-0C97-462E-BFBD-BD406B7E2B55}.Release|Any CPU.ActiveCfg = Release|Any CPU
		{E824D08C-0C97-462E-BFBD-BD406B7E2B55}.Release|Any CPU.Build.0 = Release|Any CPU
		{4A8261FC-2554-4E6E-A358-2B4FB2A7F397}.Debug|Any CPU.ActiveCfg = Debug|Any CPU
		{4A8261FC-2554-4E6E-A358-2B4FB2A7F397}.Debug|Any CPU.Build.0 = Debug|Any CPU
		{4A8261FC-2554-4E6E-A358-2B4FB2A7F397}.Release|Any CPU.ActiveCfg = Release|Any CPU
		{4A8261FC-2554-4E6E-A358-2B4FB2A7F397}.Release|Any CPU.Build.0 = Release|Any CPU
		{C760AFFE-DC68-44E0-9C16-FEDD03F24F22}.Debug|Any CPU.ActiveCfg = Debug|Any CPU
		{C760AFFE-DC68-44E0-9C16-FEDD03F24F22}.Debug|Any CPU.Build.0 = Debug|Any CPU
		{C760AFFE-DC68-44E0-9C16-FEDD03F24F22}.Release|Any CPU.ActiveCfg = Release|Any CPU
		{C760AFFE-DC68-44E0-9C16-FEDD03F24F22}.Release|Any CPU.Build.0 = Release|Any CPU
		{973A0B64-C0DE-4CEC-A46D-62F74163B5E3}.Debug|Any CPU.ActiveCfg = Debug|Any CPU
		{973A0B64-C0DE-4CEC-A46D-62F74163B5E3}.Debug|Any CPU.Build.0 = Debug|Any CPU
		{973A0B64-C0DE-4CEC-A46D-62F74163B5E3}.Release|Any CPU.ActiveCfg = Release|Any CPU
		{973A0B64-C0DE-4CEC-A46D-62F74163B5E3}.Release|Any CPU.Build.0 = Release|Any CPU
		{07BFCB31-D26D-4152-A183-6064A2D1A59D}.Debug|Any CPU.ActiveCfg = Debug|Any CPU
		{07BFCB31-D26D-4152-A183-6064A2D1A59D}.Debug|Any CPU.Build.0 = Debug|Any CPU
		{07BFCB31-D26D-4152-A183-6064A2D1A59D}.Release|Any CPU.ActiveCfg = Release|Any CPU
		{07BFCB31-D26D-4152-A183-6064A2D1A59D}.Release|Any CPU.Build.0 = Release|Any CPU
		{41493B8B-0EAC-4ACC-9B3A-6BB088137850}.Debug|Any CPU.ActiveCfg = Debug|Any CPU
		{41493B8B-0EAC-4ACC-9B3A-6BB088137850}.Debug|Any CPU.Build.0 = Debug|Any CPU
		{41493B8B-0EAC-4ACC-9B3A-6BB088137850}.Release|Any CPU.ActiveCfg = Release|Any CPU
		{41493B8B-0EAC-4ACC-9B3A-6BB088137850}.Release|Any CPU.Build.0 = Release|Any CPU
		{4D0CD021-B843-41A3-A5A8-B92DCBB8EA45}.Debug|Any CPU.ActiveCfg = Debug|Any CPU
		{4D0CD021-B843-41A3-A5A8-B92DCBB8EA45}.Debug|Any CPU.Build.0 = Debug|Any CPU
		{4D0CD021-B843-41A3-A5A8-B92DCBB8EA45}.Release|Any CPU.ActiveCfg = Release|Any CPU
		{4D0CD021-B843-41A3-A5A8-B92DCBB8EA45}.Release|Any CPU.Build.0 = Release|Any CPU
		{69D2BDAD-AA0E-40C0-8DA2-B3C92192C498}.Debug|Any CPU.ActiveCfg = Debug|Any CPU
		{69D2BDAD-AA0E-40C0-8DA2-B3C92192C498}.Debug|Any CPU.Build.0 = Debug|Any CPU
		{69D2BDAD-AA0E-40C0-8DA2-B3C92192C498}.Release|Any CPU.ActiveCfg = Release|Any CPU
		{69D2BDAD-AA0E-40C0-8DA2-B3C92192C498}.Release|Any CPU.Build.0 = Release|Any CPU
		{4BE08F68-91FB-4D89-82A4-74FF5CA3898B}.Debug|Any CPU.ActiveCfg = Debug|Any CPU
		{4BE08F68-91FB-4D89-82A4-74FF5CA3898B}.Debug|Any CPU.Build.0 = Debug|Any CPU
		{4BE08F68-91FB-4D89-82A4-74FF5CA3898B}.Release|Any CPU.ActiveCfg = Release|Any CPU
		{4BE08F68-91FB-4D89-82A4-74FF5CA3898B}.Release|Any CPU.Build.0 = Release|Any CPU
		{CCAADF2B-3F56-48EB-A1EC-60FAD6596698}.Debug|Any CPU.ActiveCfg = Debug|Any CPU
		{CCAADF2B-3F56-48EB-A1EC-60FAD6596698}.Debug|Any CPU.Build.0 = Debug|Any CPU
		{CCAADF2B-3F56-48EB-A1EC-60FAD6596698}.Release|Any CPU.ActiveCfg = Release|Any CPU
		{CCAADF2B-3F56-48EB-A1EC-60FAD6596698}.Release|Any CPU.Build.0 = Release|Any CPU
		{C1258D6C-999D-440A-975A-3C614126EEB8}.Debug|Any CPU.ActiveCfg = Debug|Any CPU
		{C1258D6C-999D-440A-975A-3C614126EEB8}.Debug|Any CPU.Build.0 = Debug|Any CPU
		{C1258D6C-999D-440A-975A-3C614126EEB8}.Release|Any CPU.ActiveCfg = Release|Any CPU
		{C1258D6C-999D-440A-975A-3C614126EEB8}.Release|Any CPU.Build.0 = Release|Any CPU
		{942CCC5D-F6CC-4B01-94B7-B37CDEA9075F}.Debug|Any CPU.ActiveCfg = Debug|Any CPU
		{942CCC5D-F6CC-4B01-94B7-B37CDEA9075F}.Debug|Any CPU.Build.0 = Debug|Any CPU
		{942CCC5D-F6CC-4B01-94B7-B37CDEA9075F}.Release|Any CPU.ActiveCfg = Release|Any CPU
		{942CCC5D-F6CC-4B01-94B7-B37CDEA9075F}.Release|Any CPU.Build.0 = Release|Any CPU
		{9214EB59-B329-4BDF-877B-0C6287B1BDD4}.Debug|Any CPU.ActiveCfg = Debug|Any CPU
		{9214EB59-B329-4BDF-877B-0C6287B1BDD4}.Debug|Any CPU.Build.0 = Debug|Any CPU
		{9214EB59-B329-4BDF-877B-0C6287B1BDD4}.Release|Any CPU.ActiveCfg = Release|Any CPU
		{9214EB59-B329-4BDF-877B-0C6287B1BDD4}.Release|Any CPU.Build.0 = Release|Any CPU
		{7A67C9DB-D262-4598-9916-5170699EC5A0}.Debug|Any CPU.ActiveCfg = Debug|Any CPU
		{7A67C9DB-D262-4598-9916-5170699EC5A0}.Debug|Any CPU.Build.0 = Debug|Any CPU
		{7A67C9DB-D262-4598-9916-5170699EC5A0}.Release|Any CPU.ActiveCfg = Release|Any CPU
		{7A67C9DB-D262-4598-9916-5170699EC5A0}.Release|Any CPU.Build.0 = Release|Any CPU
		{A0D8CD1C-8F80-444E-A89F-7D0FA82AA456}.Debug|Any CPU.ActiveCfg = Debug|Any CPU
		{A0D8CD1C-8F80-444E-A89F-7D0FA82AA456}.Debug|Any CPU.Build.0 = Debug|Any CPU
		{A0D8CD1C-8F80-444E-A89F-7D0FA82AA456}.Release|Any CPU.ActiveCfg = Release|Any CPU
		{A0D8CD1C-8F80-444E-A89F-7D0FA82AA456}.Release|Any CPU.Build.0 = Release|Any CPU
		{1DDEF7BC-1105-429C-8497-4485C87BA5E9}.Debug|Any CPU.ActiveCfg = Debug|Any CPU
		{1DDEF7BC-1105-429C-8497-4485C87BA5E9}.Debug|Any CPU.Build.0 = Debug|Any CPU
		{1DDEF7BC-1105-429C-8497-4485C87BA5E9}.Release|Any CPU.ActiveCfg = Release|Any CPU
		{1DDEF7BC-1105-429C-8497-4485C87BA5E9}.Release|Any CPU.Build.0 = Release|Any CPU
	EndGlobalSection
	GlobalSection(SolutionProperties) = preSolution
		HideSolutionNode = FALSE
	EndGlobalSection
	GlobalSection(ExtensibilityGlobals) = postSolution
		SolutionGuid = {2A78AB34-32BF-4C27-82DF-10C10B8B67C1}
	EndGlobalSection
EndGlobal
